
Microsoft Visual Studio Solution File, Format Version 12.00
# Visual Studio Version 17
VisualStudioVersion = 17.5.002.0
MinimumVisualStudioVersion = 10.0.40219.1
Project("{9A19103F-16F7-4668-BE54-9A1E7A4F7556}") = "aula7", "aula7.csproj", "{84027A4A-7E06-4B72-B020-D2CF59439966}"
EndProject
Global
	GlobalSection(SolutionConfigurationPlatforms) = preSolution
		Debug|Any CPU = Debug|Any CPU
		Release|Any CPU = Release|Any CPU
	EndGlobalSection
	GlobalSection(ProjectConfigurationPlatforms) = postSolution
		{84027A4A-7E06-4B72-B020-D2CF59439966}.Debug|Any CPU.ActiveCfg = Debug|Any CPU
		{84027A4A-7E06-4B72-B020-D2CF59439966}.Debug|Any CPU.Build.0 = Debug|Any CPU
		{84027A4A-7E06-4B72-B020-D2CF59439966}.Release|Any CPU.ActiveCfg = Release|Any CPU
		{84027A4A-7E06-4B72-B020-D2CF59439966}.Release|Any CPU.Build.0 = Release|Any CPU
	EndGlobalSection
	GlobalSection(SolutionProperties) = preSolution
		HideSolutionNode = FALSE
	EndGlobalSection
	GlobalSection(ExtensibilityGlobals) = postSolution
		SolutionGuid = {27F2ED94-2864-42F4-8172-0E02FC48620F}
	EndGlobalSection
EndGlobal
